
Microsoft Visual Studio Solution File, Format Version 11.00
# Visual Studio 2010
Project("{FAE04EC0-301F-11D3-BF4B-00C04F79EFBC}") = "BBTest", "BBTest.csproj", "{5DC64FBE-0E65-441F-9C83-DF30F4C6E12E}"
EndProject
Global
	GlobalSection(SolutionConfigurationPlatforms) = preSolution
		Debug|Any CPU = Debug|Any CPU
		Release|Any CPU = Release|Any CPU
	EndGlobalSection
	GlobalSection(ProjectConfigurationPlatforms) = postSolution
		{5DC64FBE-0E65-441F-9C83-DF30F4C6E12E}.Debug|Any CPU.ActiveCfg = Debug|Any CPU
		{5DC64FBE-0E65-441F-9C83-DF30F4C6E12E}.Debug|Any CPU.Build.0 = Debug|Any CPU
		{5DC64FBE-0E65-441F-9C83-DF30F4C6E12E}.Release|Any CPU.ActiveCfg = Release|Any CPU
		{5DC64FBE-0E65-441F-9C83-DF30F4C6E12E}.Release|Any CPU.Build.0 = Release|Any CPU
	EndGlobalSection
	GlobalSection(SolutionProperties) = preSolution
		HideSolutionNode = FALSE
	EndGlobalSection
EndGlobal
